
Microsoft Visual Studio Solution File, Format Version 12.00
# Visual Studio Version 17
VisualStudioVersion = 17.11.35222.181
MinimumVisualStudioVersion = 10.0.40219.1
Project("{FAE04EC0-301F-11D3-BF4B-00C04F79EFBC}") = "Ecommerce", "Ecommerce\Ecommerce.csproj", "{9C377381-A2A8-431E-A8E1-1189CD779E3C}"
EndProject
Global
	GlobalSection(SolutionConfigurationPlatforms) = preSolution
		Debug|Any CPU = Debug|Any CPU
		Release|Any CPU = Release|Any CPU
	EndGlobalSection
	GlobalSection(ProjectConfigurationPlatforms) = postSolution
		{9C377381-A2A8-431E-A8E1-1189CD779E3C}.Debug|Any CPU.ActiveCfg = Debug|Any CPU
		{9C377381-A2A8-431E-A8E1-1189CD779E3C}.Debug|Any CPU.Build.0 = Debug|Any CPU
		{9C377381-A2A8-431E-A8E1-1189CD779E3C}.Release|Any CPU.ActiveCfg = Release|Any CPU
		{9C377381-A2A8-431E-A8E1-1189CD779E3C}.Release|Any CPU.Build.0 = Release|Any CPU
	EndGlobalSection
	GlobalSection(SolutionProperties) = preSolution
		HideSolutionNode = FALSE
	EndGlobalSection
	GlobalSection(ExtensibilityGlobals) = postSolution
		SolutionGuid = {8FC65D8F-F7F8-4F42-B7F8-E8A68FC4C355}
	EndGlobalSection
EndGlobal
